# This file is automatically @generated by Cargo.
# It is not intended for manual editing.
[[package]]
name = "embedded-graphics"
version = "0.4.9"
source = "registry+https://github.com/rust-lang/crates.io-index"
dependencies = [
 "tinybmp 0.1.0 (registry+https://github.com/rust-lang/crates.io-index)",
 "tinytga 0.1.0 (registry+https://github.com/rust-lang/crates.io-index)",
]

[[package]]
name = "embedded-hal"
version = "0.2.3"
source = "registry+https://github.com/rust-lang/crates.io-index"
dependencies = [
 "nb 0.1.2 (registry+https://github.com/rust-lang/crates.io-index)",
 "void 1.0.2 (registry+https://github.com/rust-lang/crates.io-index)",
]

[[package]]
name = "lazy_static"
version = "1.4.0"
source = "registry+https://github.com/rust-lang/crates.io-index"

[[package]]
name = "libc"
version = "0.2.66"
source = "registry+https://github.com/rust-lang/crates.io-index"

[[package]]
name = "memchr"
version = "2.2.1"
source = "registry+https://github.com/rust-lang/crates.io-index"

[[package]]
name = "nb"
version = "0.1.2"
source = "registry+https://github.com/rust-lang/crates.io-index"

[[package]]
name = "nom"
version = "4.2.3"
source = "registry+https://github.com/rust-lang/crates.io-index"
dependencies = [
 "memchr 2.2.1 (registry+https://github.com/rust-lang/crates.io-index)",
 "version_check 0.1.5 (registry+https://github.com/rust-lang/crates.io-index)",
]

[[package]]
name = "piscreen"
version = "0.1.0"
dependencies = [
 "embedded-graphics 0.4.9 (registry+https://github.com/rust-lang/crates.io-index)",
 "rppal 0.11.3 (registry+https://github.com/rust-lang/crates.io-index)",
 "ssd1306 0.2.6 (registry+https://github.com/rust-lang/crates.io-index)",
]

[[package]]
name = "rppal"
version = "0.11.3"
source = "registry+https://github.com/rust-lang/crates.io-index"
dependencies = [
 "embedded-hal 0.2.3 (registry+https://github.com/rust-lang/crates.io-index)",
 "lazy_static 1.4.0 (registry+https://github.com/rust-lang/crates.io-index)",
 "libc 0.2.66 (registry+https://github.com/rust-lang/crates.io-index)",
 "nb 0.1.2 (registry+https://github.com/rust-lang/crates.io-index)",
 "void 1.0.2 (registry+https://github.com/rust-lang/crates.io-index)",
]

[[package]]
name = "ssd1306"
version = "0.2.6"
source = "registry+https://github.com/rust-lang/crates.io-index"
dependencies = [
 "embedded-graphics 0.4.9 (registry+https://github.com/rust-lang/crates.io-index)",
 "embedded-hal 0.2.3 (registry+https://github.com/rust-lang/crates.io-index)",
]

[[package]]
name = "tinybmp"
version = "0.1.0"
source = "registry+https://github.com/rust-lang/crates.io-index"
dependencies = [
 "nom 4.2.3 (registry+https://github.com/rust-lang/crates.io-index)",
]

[[package]]
name = "tinytga"
version = "0.1.0"
source = "registry+https://github.com/rust-lang/crates.io-index"
dependencies = [
 "nom 4.2.3 (registry+https://github.com/rust-lang/crates.io-index)",
]

[[package]]
name = "version_check"
version = "0.1.5"
source = "registry+https://github.com/rust-lang/crates.io-index"

[[package]]
name = "void"
version = "1.0.2"
source = "registry+https://github.com/rust-lang/crates.io-index"

[metadata]
"checksum embedded-graphics 0.4.9 (registry+https://github.com/rust-lang/crates.io-index)" = "b2e7ee289ac88cbeea6f749cd72c6eb4cdeb801f4ea26795aace97b9776a2db2"
"checksum embedded-hal 0.2.3 (registry+https://github.com/rust-lang/crates.io-index)" = "ee4908a155094da7723c2d60d617b820061e3b4efcc3d9e293d206a5a76c170b"
"checksum lazy_static 1.4.0 (registry+https://github.com/rust-lang/crates.io-index)" = "e2abad23fbc42b3700f2f279844dc832adb2b2eb069b2df918f455c4e18cc646"
"checksum libc 0.2.66 (registry+https://github.com/rust-lang/crates.io-index)" = "d515b1f41455adea1313a4a2ac8a8a477634fbae63cc6100e3aebb207ce61558"
"checksum memchr 2.2.1 (registry+https://github.com/rust-lang/crates.io-index)" = "88579771288728879b57485cc7d6b07d648c9f0141eb955f8ab7f9d45394468e"
"checksum nb 0.1.2 (registry+https://github.com/rust-lang/crates.io-index)" = "b1411551beb3c11dedfb0a90a0fa256b47d28b9ec2cdff34c25a2fa59e45dbdc"
"checksum nom 4.2.3 (registry+https://github.com/rust-lang/crates.io-index)" = "2ad2a91a8e869eeb30b9cb3119ae87773a8f4ae617f41b1eb9c154b2905f7bd6"
"checksum rppal 0.11.3 (registry+https://github.com/rust-lang/crates.io-index)" = "137dbba1fb867daa27cda4c3cd6a11bca5bb5a1551f034cf9319b994846ddbe1"
"checksum ssd1306 0.2.6 (registry+https://github.com/rust-lang/crates.io-index)" = "57d818022001ebca8cec28b230700660a3f6a027123c8193c5e76e9764d087f3"
"checksum tinybmp 0.1.0 (registry+https://github.com/rust-lang/crates.io-index)" = "503e3fde7e36b1aa2345af8a3af0086c9b01d9db07b24f3fb0aab07316b9fa10"
"checksum tinytga 0.1.0 (registry+https://github.com/rust-lang/crates.io-index)" = "dc9485052c1f4b541d888f1d564dd9957671e0c21da9bca0c9824c1123e03f07"
"checksum version_check 0.1.5 (registry+https://github.com/rust-lang/crates.io-index)" = "914b1a6776c4c929a602fafd8bc742e06365d4bcbe48c30f9cca5824f70dc9dd"
"checksum void 1.0.2 (registry+https://github.com/rust-lang/crates.io-index)" = "6a02e4885ed3bc0f2de90ea6dd45ebcbb66dacffe03547fadbb0eeae2770887d"
